
Microsoft Visual Studio Solution File, Format Version 12.00
# Visual Studio Version 17
VisualStudioVersion = 17.11.35327.3
MinimumVisualStudioVersion = 10.0.40219.1
Project("{2150E333-8FDC-42A3-9474-1A3956D46DE8}") = "SolutionItems", "SolutionItems", "{07279B8D-533B-45FA-BDEE-33B36F152F4F}"
	ProjectSection(SolutionItems) = preProject
		.dockerignore = .dockerignore
		.gitignore = .gitignore
		README.md = README.md
	EndProjectSection
EndProject
Project("{FAE04EC0-301F-11D3-BF4B-00C04F79EFBC}") = "AbarisWebValidator.SampleWebValidator.ASMX", "AbarisWebValidator.SampleWebValidator.ASMX\AbarisWebValidator.SampleWebValidator.ASMX.csproj", "{2131341C-9FE1-48CB-82E9-10860B7606E7}"
EndProject
Project("{9A19103F-16F7-4668-BE54-9A1E7A4F7556}") = "AbarisWebValidator.SampleWebValidator", "AbarisWebValidator.SampleWebValidator\AbarisWebValidator.SampleWebValidator.csproj", "{F6139FF7-CF42-4D5A-8DFE-8A5C471A9A4F}"
EndProject
Project("{9A19103F-16F7-4668-BE54-9A1E7A4F7556}") = "AbarisWebValidator.SampleWebValidator.WCF", "AbarisWebValidator.SampleWebValidator.WCF\AbarisWebValidator.SampleWebValidator.WCF.csproj", "{E727BD86-5297-4CC6-8FA3-747646359C52}"
EndProject
Global
	GlobalSection(SolutionConfigurationPlatforms) = preSolution
		Debug|Any CPU = Debug|Any CPU
		Release|Any CPU = Release|Any CPU
	EndGlobalSection
	GlobalSection(ProjectConfigurationPlatforms) = postSolution
		{2131341C-9FE1-48CB-82E9-10860B7606E7}.Debug|Any CPU.ActiveCfg = Debug|Any CPU
		{2131341C-9FE1-48CB-82E9-10860B7606E7}.Debug|Any CPU.Build.0 = Debug|Any CPU
		{2131341C-9FE1-48CB-82E9-10860B7606E7}.Release|Any CPU.ActiveCfg = Release|Any CPU
		{2131341C-9FE1-48CB-82E9-10860B7606E7}.Release|Any CPU.Build.0 = Release|Any CPU
		{F6139FF7-CF42-4D5A-8DFE-8A5C471A9A4F}.Debug|Any CPU.ActiveCfg = Debug|Any CPU
		{F6139FF7-CF42-4D5A-8DFE-8A5C471A9A4F}.Debug|Any CPU.Build.0 = Debug|Any CPU
		{F6139FF7-CF42-4D5A-8DFE-8A5C471A9A4F}.Release|Any CPU.ActiveCfg = Release|Any CPU
		{F6139FF7-CF42-4D5A-8DFE-8A5C471A9A4F}.Release|Any CPU.Build.0 = Release|Any CPU
		{E727BD86-5297-4CC6-8FA3-747646359C52}.Debug|Any CPU.ActiveCfg = Debug|Any CPU
		{E727BD86-5297-4CC6-8FA3-747646359C52}.Debug|Any CPU.Build.0 = Debug|Any CPU
		{E727BD86-5297-4CC6-8FA3-747646359C52}.Release|Any CPU.ActiveCfg = Release|Any CPU
		{E727BD86-5297-4CC6-8FA3-747646359C52}.Release|Any CPU.Build.0 = Release|Any CPU
	EndGlobalSection
	GlobalSection(SolutionProperties) = preSolution
		HideSolutionNode = FALSE
	EndGlobalSection
	GlobalSection(ExtensibilityGlobals) = postSolution
		SolutionGuid = {CC4C0E32-7C0B-4428-A12C-9AABD4CC981C}
	EndGlobalSection
EndGlobal
